
Microsoft Visual Studio Solution File, Format Version 12.00
# Visual Studio Version 17
VisualStudioVersion = 17.8.34309.116
MinimumVisualStudioVersion = 10.0.40219.1
Project("{2150E333-8FDC-42A3-9474-1A3956D46DE8}") = "Solution Items", "Solution Items", "{02EA681E-C7D8-13C7-8484-4AC65E1B71E8}"
	ProjectSection(SolutionItems) = preProject
		.editorconfig = .editorconfig
	EndProjectSection
EndProject
Project("{FAE04EC0-301F-11D3-BF4B-00C04F79EFBC}") = "Logos.Entities", "Source\Logos.Entities.csproj", "{6D9547AB-AEF8-A23C-4F6F-DB3E46F9CF2D}"
EndProject
Project("{FAE04EC0-301F-11D3-BF4B-00C04F79EFBC}") = "Logos.Entities.Tests", "Tests\Logos.Entities.Tests.csproj", "{B5C708C1-69FC-48EA-8DD8-BAE0AB129E83}"
EndProject
Global
	GlobalSection(SolutionConfigurationPlatforms) = preSolution
		Debug|Any CPU = Debug|Any CPU
		Release|Any CPU = Release|Any CPU
	EndGlobalSection
	GlobalSection(ProjectConfigurationPlatforms) = postSolution
		{6D9547AB-AEF8-A23C-4F6F-DB3E46F9CF2D}.Debug|Any CPU.ActiveCfg = Debug|Any CPU
		{6D9547AB-AEF8-A23C-4F6F-DB3E46F9CF2D}.Debug|Any CPU.Build.0 = Debug|Any CPU
		{6D9547AB-AEF8-A23C-4F6F-DB3E46F9CF2D}.Release|Any CPU.ActiveCfg = Release|Any CPU
		{6D9547AB-AEF8-A23C-4F6F-DB3E46F9CF2D}.Release|Any CPU.Build.0 = Release|Any CPU
		{B5C708C1-69FC-48EA-8DD8-BAE0AB129E83}.Debug|Any CPU.ActiveCfg = Debug|Any CPU
		{B5C708C1-69FC-48EA-8DD8-BAE0AB129E83}.Debug|Any CPU.Build.0 = Debug|Any CPU
		{B5C708C1-69FC-48EA-8DD8-BAE0AB129E83}.Release|Any CPU.ActiveCfg = Release|Any CPU
		{B5C708C1-69FC-48EA-8DD8-BAE0AB129E83}.Release|Any CPU.Build.0 = Release|Any CPU
	EndGlobalSection
	GlobalSection(SolutionProperties) = preSolution
		HideSolutionNode = FALSE
	EndGlobalSection
	GlobalSection(ExtensibilityGlobals) = postSolution
		SolutionGuid = {5F952544-5ACF-4482-9781-CC6DC7C02E73}
	EndGlobalSection
EndGlobal
